github.com/HugoBlox/hugo-blox-builder/modules/blox-bootstrap/v5 v5.9.7 h1:QPek2BL723n+uM4DjyV97qNIoPsmt/vnKAQyaGJbgvQ=
github.com/HugoBlox/hugo-blox-builder/modules/blox-bootstrap/v5 v5.9.7/go.mod h1:xZiTEEurbEwj/NhZohozvlyLCGVCT2wARHDAJeqKG/c=
github.com/HugoBlox/hugo-blox-builder/modules/blox-core v0.3.1/go.mod h1:So8+V2U+TNxlXmcpZfdDX0muLh3PdJ7z92h30sv3bZg=
github.com/HugoBlox/hugo-blox-builder/modules/blox-core v0.4.1 h1:LAIEtt5FVZVJoKVmZ+rB/M5exoek52ksCEK12HWssIo=
github.com/HugoBlox/hugo-blox-builder/modules/blox-core v0.4.1/go.mod h1:So8+V2U+TNxlXmcpZfdDX0muLh3PdJ7z92h30sv3bZg=
github.com/HugoBlox/hugo-blox-builder/modules/blox-plugin-netlify v1.2.0 h1:I0urN3LANA8Cv+y5Nk05D44x4d1mj00NrPSmoFKtiKg=
github.com/HugoBlox/hugo-blox-builder/modules/blox-plugin-netlify v1.2.0/go.mod h1:C7jfxMLv1bEUqbM9XDSmEpfOpS8w06OgqNDEcbuRgL4=
github.com/HugoBlox/hugo-blox-builder/modules/blox-plugin-reveal v1.2.4 h1:Y9moOoDf7yePBCUHrHwIQwpli/mZ7w0/WP9fvvu2oAA=
github.com/HugoBlox/hugo-blox-builder/modules/blox-plugin-reveal v1.2.4/go.mod h1:rc3iv07XFylONQor5A4GdjTffe4asUSdnC1VgzmQ5+s=
github.com/HugoBlox/hugo-blox-builder/modules/blox-seo v0.2.2/go.mod h1:NsESu6cEms1DgH84icCyylElg2Zu8A0f7Fma5JR0LZE=
github.com/HugoBlox/hugo-blox-builder/modules/blox-seo v0.3.1 h1:sjJqjf5RAGdNsg5iGf7RJvlvLS8dZkcSDRQ+YMML2Bc=
github.com/HugoBlox/hugo-blox-builder/modules/blox-seo v0.3.1/go.mod h1:NsESu6cEms1DgH84icCyylElg2Zu8A0f7Fma5JR0LZE=
github.com/HugoBlox/hugo-blox-builder/modules/blox-tailwind v0.3.1 h1:x2rcz2S0TTfkMVyd9dhQSStUecuE4t6c7hw1IrYJYHI=
github.com/HugoBlox/hugo-blox-builder/modules/blox-tailwind v0.3.1/go.mod h1:bUQKSt1XQhk60nSpI6D+MibQi6v8s7HghF5qoAtlhws=
github.com/HugoBlox/kit/modules/analytics v0.3.1 h1:ycPhZARCshIBbad6opbPgj36zvWe4lj5u0LJVcRMyqw=
github.com/HugoBlox/kit/modules/analytics v0.3.1/go.mod h1:B0DPb/ZHR713/rzAxWoUqOwGP+ZuX2kT8DHkJsgUPa8=
github.com/HugoBlox/kit/modules/blox v0.0.0-20260219145709-764756ab501c h1:0os5x5rYcF5qY36u/WOP5JSjKxWV7hpR734TrkQus84=
github.com/HugoBlox/kit/modules/blox v0.0.0-20260219145709-764756ab501c/go.mod h1:0F2Ss2NeylmaBP7+qx0U6zFPeMZ9NoLbAQakKXDqygo=
github.com/HugoBlox/kit/modules/blox v0.11.0 h1:CktTx80szMNpMV9qWAjKWu7AVPiyrAIDrJwVniM2Q2g=
github.com/HugoBlox/kit/modules/blox v0.11.0/go.mod h1:0F2Ss2NeylmaBP7+qx0U6zFPeMZ9NoLbAQakKXDqygo=
github.com/HugoBlox/kit/modules/integrations/netlify v0.0.0-20260102210655-66cba27dc652 h1:KdTgOy8hzPOUJcMyR6Tp2k3tyaJzoxz2e1zaddcG0uk=
github.com/HugoBlox/kit/modules/integrations/netlify v0.0.0-20260102210655-66cba27dc652/go.mod h1:UuppRGml2K1EmlDkN+HemycohgZLjOy0QPGYOnoPnY4=
github.com/HugoBlox/kit/modules/integrations/netlify v1.2.1 h1:0UKGUqNZWQkTPXHWV349tfsdzdGyIWtS33AzWQnBIvQ=
github.com/HugoBlox/kit/modules/integrations/netlify v1.2.1/go.mod h1:C/3FXjO4EcecqPvgQSpY5CJjCS1p9Gsl7ufPV5AIFvE=
github.com/HugoBlox/kit/modules/slides v0.0.0-20260219151239-9965378d1853 h1:P/dUMpwhqh6Pb3owkr7JJHosUIFi0TnJSqsI/5Ks3dc=
github.com/HugoBlox/kit/modules/slides v0.0.0-20260219151239-9965378d1853/go.mod h1:/XTQAtd2KCiwg/GVMAoSzKPf/DYPVbAAEysmBdWgYu4=
github.com/HugoBlox/kit/modules/slides v1.2.5 h1:Jg+Q8dbc+PXbfk1X7ZeuK8kh2tOtr89Y5PnLNjiby30=
github.com/HugoBlox/kit/modules/slides v1.2.5/go.mod h1:/XTQAtd2KCiwg/GVMAoSzKPf/DYPVbAAEysmBdWgYu4=
